PODS:
  - Eureka (5.0.0)
  - GSiOSKit (0.1.1):
    - Eureka
    - Kingfisher
    - RxCocoa (~> 4.0)
    - RxSwift (~> 4.0)
    - SnapKit (~> 5.0.0)
  - Kingfisher (5.4.0)
  - Nimble (8.0.1)
  - Quick (1.2.0)
  - RxCocoa (4.5.0):
    - RxSwift (>= 4.4.2, ~> 4.4)
  - RxSwift (4.5.0)
  - SnapKit (5.0.0)

DEPENDENCIES:
  - GSiOSKit (from `../`)
  - Nimble (~> 8.0.0)
  - Quick (~> 1.2.0)

SPEC REPOS:
  https://github.com/cocoapods/specs.git:
    - Eureka
    - Kingfisher
    - Nimble
    - Quick
    - RxCocoa
    - RxSwift
    - SnapKit

EXTERNAL SOURCES:
  GSiOSKit:
    :path: "../"

SPEC CHECKSUMS:
  Eureka: 0f64f477ec8ef6201c6fec143d60ff5c201cf654
  GSiOSKit: a25b7fba8633183cc186761219164308391abc64
  Kingfisher: 9c8f2cc6710334e06f32ba2b45e77707d5e2f0c9
  Nimble: 45f786ae66faa9a709624227fae502db55a8bdd0
  Quick: 58d203b1c5e27fff7229c4c1ae445ad7069a7a08
  RxCocoa: cbf70265dc65a981d4ac982e513c10cf23df24a0
  RxSwift: f172070dfd1a93d70a9ab97a5a01166206e1c575
  SnapKit: fd22d10eb9aff484d79a8724eab922c1ddf89bcf

PODFILE CHECKSUM: 3a0a80ce3413907a4784350fe6ee58dccf539415

COCOAPODS: 1.6.1
